
Microsoft Visual Studio Solution File, Format Version 12.00
# Visual Studio 14
VisualStudioVersion = 14.0.25420.1
MinimumVisualStudioVersion = 10.0.40219.1
Project("{FAE04EC0-301F-11D3-BF4B-00C04F79EFBC}") = "HolaMundo", "HolaMundo\HolaMundo.csproj", "{6722738B-AC56-4D65-B542-BB4C00EBABAA}"
EndProject
Global
	GlobalSection(SolutionConfigurationPlatforms) = preSolution
		Debug|Any CPU = Debug|Any CPU
		Release|Any CPU = Release|Any CPU
	EndGlobalSection
	GlobalSection(ProjectConfigurationPlatforms) = postSolution
		{6722738B-AC56-4D65-B542-BB4C00EBABAA}.Debug|Any CPU.ActiveCfg = Debug|Any CPU
		{6722738B-AC56-4D65-B542-BB4C00EBABAA}.Debug|Any CPU.Build.0 = Debug|Any CPU
		{6722738B-AC56-4D65-B542-BB4C00EBABAA}.Release|Any CPU.ActiveCfg = Release|Any CPU
		{6722738B-AC56-4D65-B542-BB4C00EBABAA}.Release|Any CPU.Build.0 = Release|Any CPU
	EndGlobalSection
	GlobalSection(SolutionProperties) = preSolution
		HideSolutionNode = FALSE
	EndGlobalSection
EndGlobal
